
Microsoft Visual Studio Solution File, Format Version 12.00
# Visual Studio Version 17
VisualStudioVersion = 17.8.34316.72
MinimumVisualStudioVersion = 10.0.40219.1
Project("{FAE04EC0-301F-11D3-BF4B-00C04F79EFBC}") = "Task", "Task\Task.csproj", "{CDF0BA36-2CEF-43BF-8285-53F3DBF3AA30}"
EndProject
Global
	GlobalSection(SolutionConfigurationPlatforms) = preSolution
		Debug|Any CPU = Debug|Any CPU
		Release|Any CPU = Release|Any CPU
	EndGlobalSection
	GlobalSection(ProjectConfigurationPlatforms) = postSolution
		{CDF0BA36-2CEF-43BF-8285-53F3DBF3AA30}.Debug|Any CPU.ActiveCfg = Debug|Any CPU
		{CDF0BA36-2CEF-43BF-8285-53F3DBF3AA30}.Debug|Any CPU.Build.0 = Debug|Any CPU
		{CDF0BA36-2CEF-43BF-8285-53F3DBF3AA30}.Release|Any CPU.ActiveCfg = Release|Any CPU
		{CDF0BA36-2CEF-43BF-8285-53F3DBF3AA30}.Release|Any CPU.Build.0 = Release|Any CPU
	EndGlobalSection
	GlobalSection(SolutionProperties) = preSolution
		HideSolutionNode = FALSE
	EndGlobalSection
	GlobalSection(ExtensibilityGlobals) = postSolution
		SolutionGuid = {3137F87A-9E2B-446A-AF76-315FBF4F8166}
	EndGlobalSection
EndGlobal
